
Microsoft Visual Studio Solution File, Format Version 12.00
# Visual Studio 2013
VisualStudioVersion = 12.0.30501.0
MinimumVisualStudioVersion = 10.0.40219.1
Project("{FAE04EC0-301F-11D3-BF4B-00C04F79EFBC}") = "01.IfElseStatement", "01.IfElseStatement\01.IfElseStatement.csproj", "{5801CB3C-C389-4AEF-A8DD-E4954BF282F4}"
EndProject
Project("{FAE04EC0-301F-11D3-BF4B-00C04F79EFBC}") = "IfStatementExample", "IfStatementExample\IfStatementExample.csproj", "{D1B79134-AD28-4536-B5F9-D6684BD8D0DB}"
EndProject
Project("{FAE04EC0-301F-11D3-BF4B-00C04F79EFBC}") = "MultipleIfStat", "MultipleIfStat\MultipleIfStat.csproj", "{3082A11D-F5B9-4C78-A9B6-FB43A9ADD568}"
EndProject
Project("{FAE04EC0-301F-11D3-BF4B-00C04F79EFBC}") = "NestedIfs", "NestedIfs\NestedIfs.csproj", "{266AA8E4-E432-48BD-83F8-71BBB45616E5}"
EndProject
Project("{FAE04EC0-301F-11D3-BF4B-00C04F79EFBC}") = "SwitchStatement", "SwitchStatement\SwitchStatement.csproj", "{B6C732AB-484F-41CF-A006-D9C6BED8E3A1}"
EndProject
Global
	GlobalSection(SolutionConfigurationPlatforms) = preSolution
		Debug|Any CPU = Debug|Any CPU
		Release|Any CPU = Release|Any CPU
	EndGlobalSection
	GlobalSection(ProjectConfigurationPlatforms) = postSolution
		{5801CB3C-C389-4AEF-A8DD-E4954BF282F4}.Debug|Any CPU.ActiveCfg = Debug|Any CPU
		{5801CB3C-C389-4AEF-A8DD-E4954BF282F4}.Debug|Any CPU.Build.0 = Debug|Any CPU
		{5801CB3C-C389-4AEF-A8DD-E4954BF282F4}.Release|Any CPU.ActiveCfg = Release|Any CPU
		{5801CB3C-C389-4AEF-A8DD-E4954BF282F4}.Release|Any CPU.Build.0 = Release|Any CPU
		{D1B79134-AD28-4536-B5F9-D6684BD8D0DB}.Debug|Any CPU.ActiveCfg = Debug|Any CPU
		{D1B79134-AD28-4536-B5F9-D6684BD8D0DB}.Debug|Any CPU.Build.0 = Debug|Any CPU
		{D1B79134-AD28-4536-B5F9-D6684BD8D0DB}.Release|Any CPU.ActiveCfg = Release|Any CPU
		{D1B79134-AD28-4536-B5F9-D6684BD8D0DB}.Release|Any CPU.Build.0 = Release|Any CPU
		{3082A11D-F5B9-4C78-A9B6-FB43A9ADD568}.Debug|Any CPU.ActiveCfg = Debug|Any CPU
		{3082A11D-F5B9-4C78-A9B6-FB43A9ADD568}.Debug|Any CPU.Build.0 = Debug|Any CPU
		{3082A11D-F5B9-4C78-A9B6-FB43A9ADD568}.Release|Any CPU.ActiveCfg = Release|Any CPU
		{3082A11D-F5B9-4C78-A9B6-FB43A9ADD568}.Release|Any CPU.Build.0 = Release|Any CPU
		{266AA8E4-E432-48BD-83F8-71BBB45616E5}.Debug|Any CPU.ActiveCfg = Debug|Any CPU
		{266AA8E4-E432-48BD-83F8-71BBB45616E5}.Debug|Any CPU.Build.0 = Debug|Any CPU
		{266AA8E4-E432-48BD-83F8-71BBB45616E5}.Release|Any CPU.ActiveCfg = Release|Any CPU
		{266AA8E4-E432-48BD-83F8-71BBB45616E5}.Release|Any CPU.Build.0 = Release|Any CPU
		{B6C732AB-484F-41CF-A006-D9C6BED8E3A1}.Debug|Any CPU.ActiveCfg = Debug|Any CPU
		{B6C732AB-484F-41CF-A006-D9C6BED8E3A1}.Debug|Any CPU.Build.0 = Debug|Any CPU
		{B6C732AB-484F-41CF-A006-D9C6BED8E3A1}.Release|Any CPU.ActiveCfg = Release|Any CPU
		{B6C732AB-484F-41CF-A006-D9C6BED8E3A1}.Release|Any CPU.Build.0 = Release|Any CPU
	EndGlobalSection
	GlobalSection(SolutionProperties) = preSolution
		HideSolutionNode = FALSE
	EndGlobalSection
EndGlobal
