
Microsoft Visual Studio Solution File, Format Version 12.00
# Visual Studio 2013
VisualStudioVersion = 12.0.30501.0
MinimumVisualStudioVersion = 10.0.40219.1
Project("{FAE04EC0-301F-11D3-BF4B-00C04F79EFBC}") = "LoopsHW", "LoopsHW\LoopsHW.csproj", "{49381F84-41F8-4226-9204-62962E175184}"
EndProject
Project("{FAE04EC0-301F-11D3-BF4B-00C04F79EFBC}") = "01.Numbers1toN", "01.Numbers1toN\01.Numbers1toN.csproj", "{32419CF4-8087-4A79-A857-268ABF0961E1}"
EndProject
Project("{FAE04EC0-301F-11D3-BF4B-00C04F79EFBC}") = "02.NotDivisibleBy3and7", "02.NotDivisibleBy3and7\02.NotDivisibleBy3and7.csproj", "{7942186F-BA5E-4E23-B986-4E4E4432EA04}"
EndProject
Project("{FAE04EC0-301F-11D3-BF4B-00C04F79EFBC}") = "03.MMSAforNNums", "03.MMSAforNNums\03.MMSAforNNums.csproj", "{722D8BFE-D821-42A2-9A62-14AE5F0C3B27}"
EndProject
Project("{FAE04EC0-301F-11D3-BF4B-00C04F79EFBC}") = "03.MMSA", "03.MMSA\03.MMSA.csproj", "{E5DCF5DF-9CE5-4527-9A82-140731A48B25}"
EndProject
Project("{FAE04EC0-301F-11D3-BF4B-00C04F79EFBC}") = "04.PrintDeck", "04.PrintDeck\04.PrintDeck.csproj", "{AEB6B105-32C2-46E2-9B40-DF9215214A63}"
EndProject
Project("{FAE04EC0-301F-11D3-BF4B-00C04F79EFBC}") = "05.Calculate", "05.Calculate\05.Calculate.csproj", "{E6E17DBC-0D84-46E4-8939-9B0F2B36C8A5}"
EndProject
Project("{FAE04EC0-301F-11D3-BF4B-00C04F79EFBC}") = "05CalcFact", "05CalcFact\05CalcFact.csproj", "{66305DAC-7478-4AF7-A5DF-35CFC4DBCA5D}"
EndProject
Project("{FAE04EC0-301F-11D3-BF4B-00C04F79EFBC}") = "06.CalculateAgain", "06.CalculateAgain\06.CalculateAgain.csproj", "{DE78827A-29B5-4007-BC4E-474A7857D62C}"
EndProject
Project("{FAE04EC0-301F-11D3-BF4B-00C04F79EFBC}") = "07.Calculate3", "07.Calculate3\07.Calculate3.csproj", "{7592A4F9-EB3E-4DE0-B295-B57AEBB45820}"
EndProject
Project("{FAE04EC0-301F-11D3-BF4B-00C04F79EFBC}") = "08.CatalanNumbers", "08.CatalanNumbers\08.CatalanNumbers.csproj", "{CC2C1C21-8034-4BD6-B77C-2FFE542000E9}"
EndProject
Project("{FAE04EC0-301F-11D3-BF4B-00C04F79EFBC}") = "09.Matrix", "09.Matrix\09.Matrix.csproj", "{5EF6AA28-F01D-4E96-A92E-4F3432BA2117}"
EndProject
Project("{FAE04EC0-301F-11D3-BF4B-00C04F79EFBC}") = "10.OddOrEven", "10.OddOrEven\10.OddOrEven.csproj", "{4B9089C5-2589-4A8C-88F4-4689E2651AD6}"
EndProject
Project("{FAE04EC0-301F-11D3-BF4B-00C04F79EFBC}") = "10.BinaryToDec", "10.BinaryToDec\10.BinaryToDec.csproj", "{F0395B81-F207-47BF-B118-A6BAC864E7FC}"
EndProject
Project("{FAE04EC0-301F-11D3-BF4B-00C04F79EFBC}") = "12.DecToBin", "12.DecToBin\12.DecToBin.csproj", "{93155B25-FB2D-4B31-9A81-AA495069B66F}"
EndProject
Project("{FAE04EC0-301F-11D3-BF4B-00C04F79EFBC}") = "12.DecimalToBinary", "12.DecimalToBinary\12.DecimalToBinary.csproj", "{8FFEE49B-8A82-4583-AD83-37C29377F703}"
EndProject
Project("{FAE04EC0-301F-11D3-BF4B-00C04F79EFBC}") = "13.DecimalToHex", "13.DecimalToHex\13.DecimalToHex.csproj", "{1ECC1AB7-C5E8-4C5E-BA9C-B8BF5FB4D6BD}"
EndProject
Project("{FAE04EC0-301F-11D3-BF4B-00C04F79EFBC}") = "14.HexToDec", "14.HexToDec\14.HexToDec.csproj", "{8458D09B-8ECF-4981-9FCE-BD263C212E19}"
EndProject
Project("{FAE04EC0-301F-11D3-BF4B-00C04F79EFBC}") = "15.GreatestCommonDivisor", "15.GreatestCommonDivisor\15.GreatestCommonDivisor.csproj", "{4F68C7E1-095F-43A4-B7E2-F14BFCC8AC0C}"
EndProject
Project("{FAE04EC0-301F-11D3-BF4B-00C04F79EFBC}") = "16.Tarailing0inN!", "16.Tarailing0inN!\16.Tarailing0inN!.csproj", "{9A03716C-3AAC-442E-950A-F48E21E87EB0}"
EndProject
Project("{FAE04EC0-301F-11D3-BF4B-00C04F79EFBC}") = "17.Spiral", "17.Spiral\17.Spiral.csproj", "{5CCD929E-FCC3-45D2-A4A0-A2CAE3503B26}"
EndProject
Global
	GlobalSection(SolutionConfigurationPlatforms) = preSolution
		Debug|Any CPU = Debug|Any CPU
		Release|Any CPU = Release|Any CPU
	EndGlobalSection
	GlobalSection(ProjectConfigurationPlatforms) = postSolution
		{49381F84-41F8-4226-9204-62962E175184}.Debug|Any CPU.ActiveCfg = Debug|Any CPU
		{49381F84-41F8-4226-9204-62962E175184}.Debug|Any CPU.Build.0 = Debug|Any CPU
		{49381F84-41F8-4226-9204-62962E175184}.Release|Any CPU.ActiveCfg = Release|Any CPU
		{49381F84-41F8-4226-9204-62962E175184}.Release|Any CPU.Build.0 = Release|Any CPU
		{32419CF4-8087-4A79-A857-268ABF0961E1}.Debug|Any CPU.ActiveCfg = Debug|Any CPU
		{32419CF4-8087-4A79-A857-268ABF0961E1}.Debug|Any CPU.Build.0 = Debug|Any CPU
		{32419CF4-8087-4A79-A857-268ABF0961E1}.Release|Any CPU.ActiveCfg = Release|Any CPU
		{32419CF4-8087-4A79-A857-268ABF0961E1}.Release|Any CPU.Build.0 = Release|Any CPU
		{7942186F-BA5E-4E23-B986-4E4E4432EA04}.Debug|Any CPU.ActiveCfg = Debug|Any CPU
		{7942186F-BA5E-4E23-B986-4E4E4432EA04}.Debug|Any CPU.Build.0 = Debug|Any CPU
		{7942186F-BA5E-4E23-B986-4E4E4432EA04}.Release|Any CPU.ActiveCfg = Release|Any CPU
		{7942186F-BA5E-4E23-B986-4E4E4432EA04}.Release|Any CPU.Build.0 = Release|Any CPU
		{722D8BFE-D821-42A2-9A62-14AE5F0C3B27}.Debug|Any CPU.ActiveCfg = Debug|Any CPU
		{722D8BFE-D821-42A2-9A62-14AE5F0C3B27}.Debug|Any CPU.Build.0 = Debug|Any CPU
		{722D8BFE-D821-42A2-9A62-14AE5F0C3B27}.Release|Any CPU.ActiveCfg = Release|Any CPU
		{722D8BFE-D821-42A2-9A62-14AE5F0C3B27}.Release|Any CPU.Build.0 = Release|Any CPU
		{E5DCF5DF-9CE5-4527-9A82-140731A48B25}.Debug|Any CPU.ActiveCfg = Debug|Any CPU
		{E5DCF5DF-9CE5-4527-9A82-140731A48B25}.Debug|Any CPU.Build.0 = Debug|Any CPU
		{E5DCF5DF-9CE5-4527-9A82-140731A48B25}.Release|Any CPU.ActiveCfg = Release|Any CPU
		{E5DCF5DF-9CE5-4527-9A82-140731A48B25}.Release|Any CPU.Build.0 = Release|Any CPU
		{AEB6B105-32C2-46E2-9B40-DF9215214A63}.Debug|Any CPU.ActiveCfg = Debug|Any CPU
		{AEB6B105-32C2-46E2-9B40-DF9215214A63}.Debug|Any CPU.Build.0 = Debug|Any CPU
		{AEB6B105-32C2-46E2-9B40-DF9215214A63}.Release|Any CPU.ActiveCfg = Release|Any CPU
		{AEB6B105-32C2-46E2-9B40-DF9215214A63}.Release|Any CPU.Build.0 = Release|Any CPU
		{E6E17DBC-0D84-46E4-8939-9B0F2B36C8A5}.Debug|Any CPU.ActiveCfg = Debug|Any CPU
		{E6E17DBC-0D84-46E4-8939-9B0F2B36C8A5}.Debug|Any CPU.Build.0 = Debug|Any CPU
		{E6E17DBC-0D84-46E4-8939-9B0F2B36C8A5}.Release|Any CPU.ActiveCfg = Release|Any CPU
		{E6E17DBC-0D84-46E4-8939-9B0F2B36C8A5}.Release|Any CPU.Build.0 = Release|Any CPU
		{66305DAC-7478-4AF7-A5DF-35CFC4DBCA5D}.Debug|Any CPU.ActiveCfg = Debug|Any CPU
		{66305DAC-7478-4AF7-A5DF-35CFC4DBCA5D}.Debug|Any CPU.Build.0 = Debug|Any CPU
		{66305DAC-7478-4AF7-A5DF-35CFC4DBCA5D}.Release|Any CPU.ActiveCfg = Release|Any CPU
		{66305DAC-7478-4AF7-A5DF-35CFC4DBCA5D}.Release|Any CPU.Build.0 = Release|Any CPU
		{DE78827A-29B5-4007-BC4E-474A7857D62C}.Debug|Any CPU.ActiveCfg = Debug|Any CPU
		{DE78827A-29B5-4007-BC4E-474A7857D62C}.Debug|Any CPU.Build.0 = Debug|Any CPU
		{DE78827A-29B5-4007-BC4E-474A7857D62C}.Release|Any CPU.ActiveCfg = Release|Any CPU
		{DE78827A-29B5-4007-BC4E-474A7857D62C}.Release|Any CPU.Build.0 = Release|Any CPU
		{7592A4F9-EB3E-4DE0-B295-B57AEBB45820}.Debug|Any CPU.ActiveCfg = Debug|Any CPU
		{7592A4F9-EB3E-4DE0-B295-B57AEBB45820}.Debug|Any CPU.Build.0 = Debug|Any CPU
		{7592A4F9-EB3E-4DE0-B295-B57AEBB45820}.Release|Any CPU.ActiveCfg = Release|Any CPU
		{7592A4F9-EB3E-4DE0-B295-B57AEBB45820}.Release|Any CPU.Build.0 = Release|Any CPU
		{CC2C1C21-8034-4BD6-B77C-2FFE542000E9}.Debug|Any CPU.ActiveCfg = Debug|Any CPU
		{CC2C1C21-8034-4BD6-B77C-2FFE542000E9}.Debug|Any CPU.Build.0 = Debug|Any CPU
		{CC2C1C21-8034-4BD6-B77C-2FFE542000E9}.Release|Any CPU.ActiveCfg = Release|Any CPU
		{CC2C1C21-8034-4BD6-B77C-2FFE542000E9}.Release|Any CPU.Build.0 = Release|Any CPU
		{5EF6AA28-F01D-4E96-A92E-4F3432BA2117}.Debug|Any CPU.ActiveCfg = Debug|Any CPU
		{5EF6AA28-F01D-4E96-A92E-4F3432BA2117}.Debug|Any CPU.Build.0 = Debug|Any CPU
		{5EF6AA28-F01D-4E96-A92E-4F3432BA2117}.Release|Any CPU.ActiveCfg = Release|Any CPU
		{5EF6AA28-F01D-4E96-A92E-4F3432BA2117}.Release|Any CPU.Build.0 = Release|Any CPU
		{4B9089C5-2589-4A8C-88F4-4689E2651AD6}.Debug|Any CPU.ActiveCfg = Debug|Any CPU
		{4B9089C5-2589-4A8C-88F4-4689E2651AD6}.Debug|Any CPU.Build.0 = Debug|Any CPU
		{4B9089C5-2589-4A8C-88F4-4689E2651AD6}.Release|Any CPU.ActiveCfg = Release|Any CPU
		{4B9089C5-2589-4A8C-88F4-4689E2651AD6}.Release|Any CPU.Build.0 = Release|Any CPU
		{F0395B81-F207-47BF-B118-A6BAC864E7FC}.Debug|Any CPU.ActiveCfg = Debug|Any CPU
		{F0395B81-F207-47BF-B118-A6BAC864E7FC}.Debug|Any CPU.Build.0 = Debug|Any CPU
		{F0395B81-F207-47BF-B118-A6BAC864E7FC}.Release|Any CPU.ActiveCfg = Release|Any CPU
		{F0395B81-F207-47BF-B118-A6BAC864E7FC}.Release|Any CPU.Build.0 = Release|Any CPU
		{93155B25-FB2D-4B31-9A81-AA495069B66F}.Debug|Any CPU.ActiveCfg = Debug|Any CPU
		{93155B25-FB2D-4B31-9A81-AA495069B66F}.Debug|Any CPU.Build.0 = Debug|Any CPU
		{93155B25-FB2D-4B31-9A81-AA495069B66F}.Release|Any CPU.ActiveCfg = Release|Any CPU
		{93155B25-FB2D-4B31-9A81-AA495069B66F}.Release|Any CPU.Build.0 = Release|Any CPU
		{8FFEE49B-8A82-4583-AD83-37C29377F703}.Debug|Any CPU.ActiveCfg = Debug|Any CPU
		{8FFEE49B-8A82-4583-AD83-37C29377F703}.Debug|Any CPU.Build.0 = Debug|Any CPU
		{8FFEE49B-8A82-4583-AD83-37C29377F703}.Release|Any CPU.ActiveCfg = Release|Any CPU
		{8FFEE49B-8A82-4583-AD83-37C29377F703}.Release|Any CPU.Build.0 = Release|Any CPU
		{1ECC1AB7-C5E8-4C5E-BA9C-B8BF5FB4D6BD}.Debug|Any CPU.ActiveCfg = Debug|Any CPU
		{1ECC1AB7-C5E8-4C5E-BA9C-B8BF5FB4D6BD}.Debug|Any CPU.Build.0 = Debug|Any CPU
		{1ECC1AB7-C5E8-4C5E-BA9C-B8BF5FB4D6BD}.Release|Any CPU.ActiveCfg = Release|Any CPU
		{1ECC1AB7-C5E8-4C5E-BA9C-B8BF5FB4D6BD}.Release|Any CPU.Build.0 = Release|Any CPU
		{8458D09B-8ECF-4981-9FCE-BD263C212E19}.Debug|Any CPU.ActiveCfg = Debug|Any CPU
		{8458D09B-8ECF-4981-9FCE-BD263C212E19}.Debug|Any CPU.Build.0 = Debug|Any CPU
		{8458D09B-8ECF-4981-9FCE-BD263C212E19}.Release|Any CPU.ActiveCfg = Release|Any CPU
		{8458D09B-8ECF-4981-9FCE-BD263C212E19}.Release|Any CPU.Build.0 = Release|Any CPU
		{4F68C7E1-095F-43A4-B7E2-F14BFCC8AC0C}.Debug|Any CPU.ActiveCfg = Debug|Any CPU
		{4F68C7E1-095F-43A4-B7E2-F14BFCC8AC0C}.Debug|Any CPU.Build.0 = Debug|Any CPU
		{4F68C7E1-095F-43A4-B7E2-F14BFCC8AC0C}.Release|Any CPU.ActiveCfg = Release|Any CPU
		{4F68C7E1-095F-43A4-B7E2-F14BFCC8AC0C}.Release|Any CPU.Build.0 = Release|Any CPU
		{9A03716C-3AAC-442E-950A-F48E21E87EB0}.Debug|Any CPU.ActiveCfg = Debug|Any CPU
		{9A03716C-3AAC-442E-950A-F48E21E87EB0}.Debug|Any CPU.Build.0 = Debug|Any CPU
		{9A03716C-3AAC-442E-950A-F48E21E87EB0}.Release|Any CPU.ActiveCfg = Release|Any CPU
		{9A03716C-3AAC-442E-950A-F48E21E87EB0}.Release|Any CPU.Build.0 = Release|Any CPU
		{5CCD929E-FCC3-45D2-A4A0-A2CAE3503B26}.Debug|Any CPU.ActiveCfg = Debug|Any CPU
		{5CCD929E-FCC3-45D2-A4A0-A2CAE3503B26}.Debug|Any CPU.Build.0 = Debug|Any CPU
		{5CCD929E-FCC3-45D2-A4A0-A2CAE3503B26}.Release|Any CPU.ActiveCfg = Release|Any CPU
		{5CCD929E-FCC3-45D2-A4A0-A2CAE3503B26}.Release|Any CPU.Build.0 = Release|Any CPU
	EndGlobalSection
	GlobalSection(SolutionProperties) = preSolution
		HideSolutionNode = FALSE
	EndGlobalSection
EndGlobal
